
Microsoft Visual Studio Solution File, Format Version 12.00
# Visual Studio 15
VisualStudioVersion = 15.0.27130.2026
MinimumVisualStudioVersion = 10.0.40219.1
Project("{FAE04EC0-301F-11D3-BF4B-00C04F79EFBC}") = "Yahtzee.Core.UnitTests", "Yahtzee.UnitTests\Yahtzee.Core.UnitTests.csproj", "{B51A96B3-3A9C-448E-AB3E-3E2666A244B0}"
EndProject
Project("{FAE04EC0-301F-11D3-BF4B-00C04F79EFBC}") = "Yahtzee.Core", "Yahtzee.Core\Yahtzee.Core.csproj", "{42EACAD1-58EB-4CA4-BB1A-6955B47D86FD}"
EndProject
Project("{FAE04EC0-301F-11D3-BF4B-00C04F79EFBC}") = "Yahtzee.IntegrationTests", "Yahtzee.IntegrationTests\Yahtzee.IntegrationTests.csproj", "{D7A056C7-ECA0-403A-9269-9755F3E0DDFD}"
EndProject
Project("{FAE04EC0-301F-11D3-BF4B-00C04F79EFBC}") = "Yahtzee.WinClient", "Yahtzee.WinClient\Yahtzee.WinClient.csproj", "{7DF37D15-6366-4374-B6CA-4A9D0A466F93}"
EndProject
Project("{2150E333-8FDC-42A3-9474-1A3956D46DE8}") = "Documentation", "Documentation", "{CDA56780-F73D-4181-92EA-A21C937FD706}"
	ProjectSection(SolutionItems) = preProject
		docs\Yahtzee Game.docx = docs\Yahtzee Game.docx
	EndProjectSection
EndProject
Project("{FAE04EC0-301F-11D3-BF4B-00C04F79EFBC}") = "Yahtzee.ViewModels.UnitTests", "Yahtzee.ViewModels.UnitTests\Yahtzee.ViewModels.UnitTests.csproj", "{3C97051B-B16C-4B2B-9BB3-AD506EDE72C5}"
EndProject
Project("{FAE04EC0-301F-11D3-BF4B-00C04F79EFBC}") = "Yahtzee.ViewModels", "Yahtzee.ViewModels\Yahtzee.ViewModels.csproj", "{38E4BC4E-42E5-46D1-9134-08A54F16E4E5}"
EndProject
Global
	GlobalSection(SolutionConfigurationPlatforms) = preSolution
		Debug|Any CPU = Debug|Any CPU
		Release|Any CPU = Release|Any CPU
	EndGlobalSection
	GlobalSection(ProjectConfigurationPlatforms) = postSolution
		{B51A96B3-3A9C-448E-AB3E-3E2666A244B0}.Debug|Any CPU.ActiveCfg = Debug|Any CPU
		{B51A96B3-3A9C-448E-AB3E-3E2666A244B0}.Debug|Any CPU.Build.0 = Debug|Any CPU
		{B51A96B3-3A9C-448E-AB3E-3E2666A244B0}.Release|Any CPU.ActiveCfg = Release|Any CPU
		{B51A96B3-3A9C-448E-AB3E-3E2666A244B0}.Release|Any CPU.Build.0 = Release|Any CPU
		{42EACAD1-58EB-4CA4-BB1A-6955B47D86FD}.Debug|Any CPU.ActiveCfg = Debug|Any CPU
		{42EACAD1-58EB-4CA4-BB1A-6955B47D86FD}.Debug|Any CPU.Build.0 = Debug|Any CPU
		{42EACAD1-58EB-4CA4-BB1A-6955B47D86FD}.Release|Any CPU.ActiveCfg = Release|Any CPU
		{42EACAD1-58EB-4CA4-BB1A-6955B47D86FD}.Release|Any CPU.Build.0 = Release|Any CPU
		{D7A056C7-ECA0-403A-9269-9755F3E0DDFD}.Debug|Any CPU.ActiveCfg = Debug|Any CPU
		{D7A056C7-ECA0-403A-9269-9755F3E0DDFD}.Debug|Any CPU.Build.0 = Debug|Any CPU
		{D7A056C7-ECA0-403A-9269-9755F3E0DDFD}.Release|Any CPU.ActiveCfg = Release|Any CPU
		{D7A056C7-ECA0-403A-9269-9755F3E0DDFD}.Release|Any CPU.Build.0 = Release|Any CPU
		{7DF37D15-6366-4374-B6CA-4A9D0A466F93}.Debug|Any CPU.ActiveCfg = Debug|Any CPU
		{7DF37D15-6366-4374-B6CA-4A9D0A466F93}.Debug|Any CPU.Build.0 = Debug|Any CPU
		{7DF37D15-6366-4374-B6CA-4A9D0A466F93}.Release|Any CPU.ActiveCfg = Release|Any CPU
		{7DF37D15-6366-4374-B6CA-4A9D0A466F93}.Release|Any CPU.Build.0 = Release|Any CPU
		{3C97051B-B16C-4B2B-9BB3-AD506EDE72C5}.Debug|Any CPU.ActiveCfg = Debug|Any CPU
		{3C97051B-B16C-4B2B-9BB3-AD506EDE72C5}.Debug|Any CPU.Build.0 = Debug|Any CPU
		{3C97051B-B16C-4B2B-9BB3-AD506EDE72C5}.Release|Any CPU.ActiveCfg = Release|Any CPU
		{3C97051B-B16C-4B2B-9BB3-AD506EDE72C5}.Release|Any CPU.Build.0 = Release|Any CPU
		{38E4BC4E-42E5-46D1-9134-08A54F16E4E5}.Debug|Any CPU.ActiveCfg = Debug|Any CPU
		{38E4BC4E-42E5-46D1-9134-08A54F16E4E5}.Debug|Any CPU.Build.0 = Debug|Any CPU
		{38E4BC4E-42E5-46D1-9134-08A54F16E4E5}.Release|Any CPU.ActiveCfg = Release|Any CPU
		{38E4BC4E-42E5-46D1-9134-08A54F16E4E5}.Release|Any CPU.Build.0 = Release|Any CPU
	EndGlobalSection
	GlobalSection(SolutionProperties) = preSolution
		HideSolutionNode = FALSE
	EndGlobalSection
	GlobalSection(ExtensibilityGlobals) = postSolution
		SolutionGuid = {9F93096F-4DC8-4040-8AF6-7E850486EA74}
	EndGlobalSection
EndGlobal
